// !$*UTF8*$!
{
	archiveVersion = 1;
	classes = {
	};
	objectVersion = 50;
	objects = {

/* Begin PBXBuildFile section */
		D5882E84218A045600A00517 /* fa-regular-400.ttf in Resources */ = {isa = PBXBuildFile; fileRef = D5882E83218A045600A00517 /* fa-regular-400.ttf */; };
		D5882E86218A064900A00517 /* Assets.xcassets in Resources */ = {isa = PBXBuildFile; fileRef = D5882E85218A064900A00517 /* Assets.xcassets */; };
		D5882E88218A08AD00A00517 /* fa-solid-900.ttf in Resources */ = {isa = PBXBuildFile; fileRef = D5882E87218A08AD00A00517 /* fa-solid-900.ttf */; };
		D5882E90218A218B00A00517 /* HomeController.swift in Sources */ = {isa = PBXBuildFile; fileRef = D5882E8F218A218B00A00517 /* HomeController.swift */; };
		D5882E92218A374300A00517 /* ValutaController.swift in Sources */ = {isa = PBXBuildFile; fileRef = D5882E91218A374300A00517 /* ValutaController.swift */; };
		D5882E95218A435900A00517 /* ValutaWaarde.swift in Sources */ = {isa = PBXBuildFile; fileRef = D5882E94218A435900A00517 /* ValutaWaarde.swift */; };
		D5882E97218A438B00A00517 /* Rates.swift in Sources */ = {isa = PBXBuildFile; fileRef = D5882E96218A438B00A00517 /* Rates.swift */; };
		D5882E99218A458B00A00517 /* Reachability.swift in Sources */ = {isa = PBXBuildFile; fileRef = D5882E98218A458B00A00517 /* Reachability.swift */; };
		D5882EA1218B73F900A00517 /* Weer.swift in Sources */ = {isa = PBXBuildFile; fileRef = D5882EA0218B73F900A00517 /* Weer.swift */; };
		D5882EA3218B743F00A00517 /* WeatherListview.swift in Sources */ = {isa = PBXBuildFile; fileRef = D5882EA2218B743F00A00517 /* WeatherListview.swift */; };
		D5882EAF218B744B00A00517 /* City.swift in Sources */ = {isa = PBXBuildFile; fileRef = D5882EA5218B744A00A00517 /* City.swift */; };
		D5882EB0218B744B00A00517 /* Clouds.swift in Sources */ = {isa = PBXBuildFile; fileRef = D5882EA6218B744A00A00517 /* Clouds.swift */; };
		D5882EB1218B744B00A00517 /* Coord.swift in Sources */ = {isa = PBXBuildFile; fileRef = D5882EA7218B744A00A00517 /* Coord.swift */; };
		D5882EB2218B744B00A00517 /* HourlyWeatherItem.swift in Sources */ = {isa = PBXBuildFile; fileRef = D5882EA8218B744A00A00517 /* HourlyWeatherItem.swift */; };
		D5882EB3218B744B00A00517 /* List.swift in Sources */ = {isa = PBXBuildFile; fileRef = D5882EA9218B744A00A00517 /* List.swift */; };
		D5882EB4218B744B00A00517 /* Main.swift in Sources */ = {isa = PBXBuildFile; fileRef = D5882EAA218B744A00A00517 /* Main.swift */; };
		D5882EB6218B744B00A00517 /* Sys.swift in Sources */ = {isa = PBXBuildFile; fileRef = D5882EAC218B744A00A00517 /* Sys.swift */; };
		D5882EB7218B744B00A00517 /* Weather.swift in Sources */ = {isa = PBXBuildFile; fileRef = D5882EAD218B744A00A00517 /* Weather.swift */; };
		D5882EB8218B744B00A00517 /* Wind.swift in Sources */ = {isa = PBXBuildFile; fileRef = D5882EAE218B744A00A00517 /* Wind.swift */; };
		D5882EC0218B745F00A00517 /* DailyCity.swift in Sources */ = {isa = PBXBuildFile; fileRef = D5882EBA218B745F00A00517 /* DailyCity.swift */; };
		D5882EC1218B745F00A00517 /* DailyCoord.swift in Sources */ = {isa = PBXBuildFile; fileRef = D5882EBB218B745F00A00517 /* DailyCoord.swift */; };
		D5882EC2218B745F00A00517 /* DailyList.swift in Sources */ = {isa = PBXBuildFile; fileRef = D5882EBC218B745F00A00517 /* DailyList.swift */; };
		D5882EC3218B745F00A00517 /* DailyWeather.swift in Sources */ = {isa = PBXBuildFile; fileRef = D5882EBD218B745F00A00517 /* DailyWeather.swift */; };
		D5882EC4218B745F00A00517 /* DailyWeatherItem.swift in Sources */ = {isa = PBXBuildFile; fileRef = D5882EBE218B745F00A00517 /* DailyWeatherItem.swift */; };
		D5882EC5218B745F00A00517 /* Temp.swift in Sources */ = {isa = PBXBuildFile; fileRef = D5882EBF218B745F00A00517 /* Temp.swift */; };
		D59780742163E95E009B6B11 /* AppDelegate.swift in Sources */ = {isa = PBXBuildFile; fileRef = D59780732163E95E009B6B11 /* AppDelegate.swift */; };
		D59780762163E95E009B6B11 /* ViewController.swift in Sources */ = {isa = PBXBuildFile; fileRef = D59780752163E95E009B6B11 /* ViewController.swift */; };
		D59780792163E95E009B6B11 /* Main.storyboard in Resources */ = {isa = PBXBuildFile; fileRef = D59780772163E95E009B6B11 /* Main.storyboard */; };
		D597807C2163E95E009B6B11 /* Turkije_App.xcdatamodeld in Sources */ = {isa = PBXBuildFile; fileRef = D597807A2163E95E009B6B11 /* Turkije_App.xcdatamodeld */; };
		D59780812163E960009B6B11 /* LaunchScreen.storyboard in Resources */ = {isa = PBXBuildFile; fileRef = D597807F2163E960009B6B11 /* LaunchScreen.storyboard */; };
/* End PBXBuildFile section */

/* Begin PBXFileReference section */
		D5882E83218A045600A00517 /* fa-regular-400.ttf */ = {isa = PBXFileReference; lastKnownFileType = file; name = "fa-regular-400.ttf"; path = "../fontawesome-free-5.4.2-web/webfonts/fa-regular-400.ttf"; sourceTree = "<group>"; };
		D5882E85218A064900A00517 /* Assets.xcassets */ = {isa = PBXFileReference; lastKnownFileType = folder.assetcatalog; name = Assets.xcassets; path = ../../Assets.xcassets; sourceTree = "<group>"; };
		D5882E87218A08AD00A00517 /* fa-solid-900.ttf */ = {isa = PBXFileReference; lastKnownFileType = file; name = "fa-solid-900.ttf"; path = "../fontawesome-free-5.4.2-web/webfonts/fa-solid-900.ttf"; sourceTree = "<group>"; };
		D5882E8F218A218B00A00517 /* HomeController.swift */ = {isa = PBXFileReference; lastKnownFileType = sourcecode.swift; path = HomeController.swift; sourceTree = "<group>"; };
		D5882E91218A374300A00517 /* ValutaController.swift */ = {isa = PBXFileReference; lastKnownFileType = sourcecode.swift; path = ValutaController.swift; sourceTree = "<group>"; };
		D5882E94218A435900A00517 /* ValutaWaarde.swift */ = {isa = PBXFileReference; lastKnownFileType = sourcecode.swift; path = ValutaWaarde.swift; sourceTree = "<group>"; };
		D5882E96218A438B00A00517 /* Rates.swift */ = {isa = PBXFileReference; lastKnownFileType = sourcecode.swift; path = Rates.swift; sourceTree = "<group>"; };
		D5882E98218A458B00A00517 /* Reachability.swift */ = {isa = PBXFileReference; lastKnownFileType = sourcecode.swift; path = Reachability.swift; sourceTree = "<group>"; };
		D5882EA0218B73F900A00517 /* Weer.swift */ = {isa = PBXFileReference; fileEncoding = 4; lastKnownFileType = sourcecode.swift; path = Weer.swift; sourceTree = "<group>"; };
		D5882EA2218B743F00A00517 /* WeatherListview.swift */ = {isa = PBXFileReference; fileEncoding = 4; lastKnownFileType = sourcecode.swift; path = WeatherListview.swift; sourceTree = "<group>"; };
		D5882EA5218B744A00A00517 /* City.swift */ = {isa = PBXFileReference; fileEncoding = 4; lastKnownFileType = sourcecode.swift; path = City.swift; sourceTree = "<group>"; };
		D5882EA6218B744A00A00517 /* Clouds.swift */ = {isa = PBXFileReference; fileEncoding = 4; lastKnownFileType = sourcecode.swift; path = Clouds.swift; sourceTree = "<group>"; };
		D5882EA7218B744A00A00517 /* Coord.swift */ = {isa = PBXFileReference; fileEncoding = 4; lastKnownFileType = sourcecode.swift; path = Coord.swift; sourceTree = "<group>"; };
		D5882EA8218B744A00A00517 /* HourlyWeatherItem.swift */ = {isa = PBXFileReference; fileEncoding = 4; lastKnownFileType = sourcecode.swift; path = HourlyWeatherItem.swift; sourceTree = "<group>"; };
		D5882EA9218B744A00A00517 /* List.swift */ = {isa = PBXFileReference; fileEncoding = 4; lastKnownFileType = sourcecode.swift; path = List.swift; sourceTree = "<group>"; };
		D5882EAA218B744A00A00517 /* Main.swift */ = {isa = PBXFileReference; fileEncoding = 4; lastKnownFileType = sourcecode.swift; path = Main.swift; sourceTree = "<group>"; };
		D5882EAC218B744A00A00517 /* Sys.swift */ = {isa = PBXFileReference; fileEncoding = 4; lastKnownFileType = sourcecode.swift; path = Sys.swift; sourceTree = "<group>"; };
		D5882EAD218B744A00A00517 /* Weather.swift */ = {isa = PBXFileReference; fileEncoding = 4; lastKnownFileType = sourcecode.swift; path = Weather.swift; sourceTree = "<group>"; };
		D5882EAE218B744A00A00517 /* Wind.swift */ = {isa = PBXFileReference; fileEncoding = 4; lastKnownFileType = sourcecode.swift; path = Wind.swift; sourceTree = "<group>"; };
		D5882EBA218B745F00A00517 /* DailyCity.swift */ = {isa = PBXFileReference; fileEncoding = 4; lastKnownFileType = sourcecode.swift; path = DailyCity.swift; sourceTree = "<group>"; };
		D5882EBB218B745F00A00517 /* DailyCoord.swift */ = {isa = PBXFileReference; fileEncoding = 4; lastKnownFileType = sourcecode.swift; path = DailyCoord.swift; sourceTree = "<group>"; };
		D5882EBC218B745F00A00517 /* DailyList.swift */ = {isa = PBXFileReference; fileEncoding = 4; lastKnownFileType = sourcecode.swift; path = DailyList.swift; sourceTree = "<group>"; };
		D5882EBD218B745F00A00517 /* DailyWeather.swift */ = {isa = PBXFileReference; fileEncoding = 4; lastKnownFileType = sourcecode.swift; path = DailyWeather.swift; sourceTree = "<group>"; };
		D5882EBE218B745F00A00517 /* DailyWeatherItem.swift */ = {isa = PBXFileReference; fileEncoding = 4; lastKnownFileType = sourcecode.swift; path = DailyWeatherItem.swift; sourceTree = "<group>"; };
		D5882EBF218B745F00A00517 /* Temp.swift */ = {isa = PBXFileReference; fileEncoding = 4; lastKnownFileType = sourcecode.swift; path = Temp.swift; sourceTree = "<group>"; };
		D59780702163E95E009B6B11 /* Turkije App.app */ = {isa = PBXFileReference; explicitFileType = wrapper.application; includeInIndex = 0; path = "Turkije App.app"; sourceTree = BUILT_PRODUCTS_DIR; };
		D59780732163E95E009B6B11 /* AppDelegate.swift */ = {isa = PBXFileReference; lastKnownFileType = sourcecode.swift; path = AppDelegate.swift; sourceTree = "<group>"; };
		D59780752163E95E009B6B11 /* ViewController.swift */ = {isa = PBXFileReference; lastKnownFileType = sourcecode.swift; path = ViewController.swift; sourceTree = "<group>"; };
		D59780782163E95E009B6B11 /* Base */ = {isa = PBXFileReference; lastKnownFileType = file.storyboard; name = Base; path = Base.lproj/Main.storyboard; sourceTree = "<group>"; };
		D597807B2163E95E009B6B11 /* Turkije_App.xcdatamodel */ = {isa = PBXFileReference; lastKnownFileType = wrapper.xcdatamodel; path = Turkije_App.xcdatamodel; sourceTree = "<group>"; };
		D59780802163E960009B6B11 /* Base */ = {isa = PBXFileReference; lastKnownFileType = file.storyboard; name = Base; path = Base.lproj/LaunchScreen.storyboard; sourceTree = "<group>"; };
		D59780822163E960009B6B11 /* Info.plist */ = {isa = PBXFileReference; lastKnownFileType = text.plist.xml; path = Info.plist; sourceTree = "<group>"; };
/* End PBXFileReference section */

/* Begin PBXFrameworksBuildPhase section */
		D597806D2163E95E009B6B11 /* Frameworks */ = {
			isa = PBXFrameworksBuildPhase;
			buildActionMask = 2147483647;
			files = (
			);
			runOnlyForDeploymentPostprocessing = 0;
		};
/* End PBXFrameworksBuildPhase section */

/* Begin PBXGroup section */
		D5882E93218A433600A00517 /* Valuta */ = {
			isa = PBXGroup;
			children = (
				D5882E94218A435900A00517 /* ValutaWaarde.swift */,
				D5882E96218A438B00A00517 /* Rates.swift */,
			);
			path = Valuta;
			sourceTree = "<group>";
		};
		D5882EA4218B744A00A00517 /* WeerPer3Uur */ = {
			isa = PBXGroup;
			children = (
				D5882EA5218B744A00A00517 /* City.swift */,
				D5882EA6218B744A00A00517 /* Clouds.swift */,
				D5882EA7218B744A00A00517 /* Coord.swift */,
				D5882EA8218B744A00A00517 /* HourlyWeatherItem.swift */,
				D5882EA9218B744A00A00517 /* List.swift */,
				D5882EAA218B744A00A00517 /* Main.swift */,
				D5882EAC218B744A00A00517 /* Sys.swift */,
				D5882EAD218B744A00A00517 /* Weather.swift */,
				D5882EAE218B744A00A00517 /* Wind.swift */,
			);
			path = WeerPer3Uur;
			sourceTree = "<group>";
		};
		D5882EB9218B745F00A00517 /* WeerPerDag */ = {
			isa = PBXGroup;
			children = (
				D5882EBA218B745F00A00517 /* DailyCity.swift */,
				D5882EBB218B745F00A00517 /* DailyCoord.swift */,
				D5882EBC218B745F00A00517 /* DailyList.swift */,
				D5882EBD218B745F00A00517 /* DailyWeather.swift */,
				D5882EBE218B745F00A00517 /* DailyWeatherItem.swift */,
				D5882EBF218B745F00A00517 /* Temp.swift */,
			);
			path = WeerPerDag;
			sourceTree = "<group>";
		};
		D59780672163E95E009B6B11 = {
			isa = PBXGroup;
			children = (
				D5882E87218A08AD00A00517 /* fa-solid-900.ttf */,
				D5882E83218A045600A00517 /* fa-regular-400.ttf */,
				D59780722163E95E009B6B11 /* Turkije App */,
				D59780712163E95E009B6B11 /* Products */,
			);
			sourceTree = "<group>";
		};
		D59780712163E95E009B6B11 /* Products */ = {
			isa = PBXGroup;
			children = (
				D59780702163E95E009B6B11 /* Turkije App.app */,
			);
			name = Products;
			sourceTree = "<group>";
		};
		D59780722163E95E009B6B11 /* Turkije App */ = {
			isa = PBXGroup;
			children = (
				D5882E93218A433600A00517 /* Valuta */,
				D5882EB9218B745F00A00517 /* WeerPerDag */,
				D5882EA4218B744A00A00517 /* WeerPer3Uur */,
				D5882E85218A064900A00517 /* Assets.xcassets */,
				D59780732163E95E009B6B11 /* AppDelegate.swift */,
				D59780752163E95E009B6B11 /* ViewController.swift */,
				D5882EA2218B743F00A00517 /* WeatherListview.swift */,
				D5882EA0218B73F900A00517 /* Weer.swift */,
				D59780772163E95E009B6B11 /* Main.storyboard */,
				D597807F2163E960009B6B11 /* LaunchScreen.storyboard */,
				D59780822163E960009B6B11 /* Info.plist */,
				D597807A2163E95E009B6B11 /* Turkije_App.xcdatamodeld */,
				D5882E8F218A218B00A00517 /* HomeController.swift */,
				D5882E91218A374300A00517 /* ValutaController.swift */,
				D5882E98218A458B00A00517 /* Reachability.swift */,
			);
			path = "Turkije App";
			sourceTree = "<group>";
		};
/* End PBXGroup section */

/* Begin PBXNativeTarget section */
		D597806F2163E95E009B6B11 /* Turkije App */ = {
			isa = PBXNativeTarget;
			buildConfigurationList = D59780852163E960009B6B11 /* Build configuration list for PBXNativeTarget "Turkije App" */;
			buildPhases = (
				D597806C2163E95E009B6B11 /* Sources */,
				D597806D2163E95E009B6B11 /* Frameworks */,
				D597806E2163E95E009B6B11 /* Resources */,
			);
			buildRules = (
			);
			dependencies = (
			);
			name = "Turkije App";
			productName = "Turkije App";
			productReference = D59780702163E95E009B6B11 /* Turkije App.app */;
			productType = "com.apple.product-type.application";
		};
/* End PBXNativeTarget section */

/* Begin PBXProject section */
		D59780682163E95E009B6B11 /* Project object */ = {
			isa = PBXProject;
			attributes = {
				LastSwiftUpdateCheck = 1010;
				LastUpgradeCheck = 1010;
				ORGANIZATIONNAME = "Sinan Samet";
				TargetAttributes = {
					D597806F2163E95E009B6B11 = {
						CreatedOnToolsVersion = 10.1;
					};
				};
			};
			buildConfigurationList = D597806B2163E95E009B6B11 /* Build configuration list for PBXProject "Turkije App" */;
			compatibilityVersion = "Xcode 9.3";
			developmentRegion = en;
			hasScannedForEncodings = 0;
			knownRegions = (
				en,
				Base,
			);
			mainGroup = D59780672163E95E009B6B11;
			productRefGroup = D59780712163E95E009B6B11 /* Products */;
			projectDirPath = "";
			projectRoot = "";
			targets = (
				D597806F2163E95E009B6B11 /* Turkije App */,
			);
		};
/* End PBXProject section */

/* Begin PBXResourcesBuildPhase section */
		D597806E2163E95E009B6B11 /* Resources */ = {
			isa = PBXResourcesBuildPhase;
			buildActionMask = 2147483647;
			files = (
				D59780812163E960009B6B11 /* LaunchScreen.storyboard in Resources */,
				D5882E88218A08AD00A00517 /* fa-solid-900.ttf in Resources */,
				D5882E84218A045600A00517 /* fa-regular-400.ttf in Resources */,
				D5882E86218A064900A00517 /* Assets.xcassets in Resources */,
				D59780792163E95E009B6B11 /* Main.storyboard in Resources */,
			);
			runOnlyForDeploymentPostprocessing = 0;
		};
/* End PBXResourcesBuildPhase section */

/* Begin PBXSourcesBuildPhase section */
		D597806C2163E95E009B6B11 /* Sources */ = {
			isa = PBXSourcesBuildPhase;
			buildActionMask = 2147483647;
			files = (
				D5882E90218A218B00A00517 /* HomeController.swift in Sources */,
				D597807C2163E95E009B6B11 /* Turkije_App.xcdatamodeld in Sources */,
				D5882E95218A435900A00517 /* ValutaWaarde.swift in Sources */,
				D59780762163E95E009B6B11 /* ViewController.swift in Sources */,
				D5882E97218A438B00A00517 /* Rates.swift in Sources */,
				D5882EA3218B743F00A00517 /* WeatherListview.swift in Sources */,
				D5882EA1218B73F900A00517 /* Weer.swift in Sources */,
				D5882EC3218B745F00A00517 /* DailyWeather.swift in Sources */,
				D5882EAF218B744B00A00517 /* City.swift in Sources */,
				D5882EB3218B744B00A00517 /* List.swift in Sources */,
				D59780742163E95E009B6B11 /* AppDelegate.swift in Sources */,
				D5882EB8218B744B00A00517 /* Wind.swift in Sources */,
				D5882EB4218B744B00A00517 /* Main.swift in Sources */,
				D5882EB0218B744B00A00517 /* Clouds.swift in Sources */,
				D5882E99218A458B00A00517 /* Reachability.swift in Sources */,
				D5882E92218A374300A00517 /* ValutaController.swift in Sources */,
				D5882EB7218B744B00A00517 /* Weather.swift in Sources */,
				D5882EC1218B745F00A00517 /* DailyCoord.swift in Sources */,
				D5882EB2218B744B00A00517 /* HourlyWeatherItem.swift in Sources */,
				D5882EB1218B744B00A00517 /* Coord.swift in Sources */,
				D5882EC0218B745F00A00517 /* DailyCity.swift in Sources */,
				D5882EB6218B744B00A00517 /* Sys.swift in Sources */,
				D5882EC5218B745F00A00517 /* Temp.swift in Sources */,
				D5882EC4218B745F00A00517 /* DailyWeatherItem.swift in Sources */,
				D5882EC2218B745F00A00517 /* DailyList.swift in Sources */,
			);
			runOnlyForDeploymentPostprocessing = 0;
		};
/* End PBXSourcesBuildPhase section */

/* Begin PBXVariantGroup section */
		D59780772163E95E009B6B11 /* Main.storyboard */ = {
			isa = PBXVariantGroup;
			children = (
				D59780782163E95E009B6B11 /* Base */,
			);
			name = Main.storyboard;
			sourceTree = "<group>";
		};
		D597807F2163E960009B6B11 /* LaunchScreen.storyboard */ = {
			isa = PBXVariantGroup;
			children = (
				D59780802163E960009B6B11 /* Base */,
			);
			name = LaunchScreen.storyboard;
			sourceTree = "<group>";
		};
/* End PBXVariantGroup section */

/* Begin XCBuildConfiguration section */
		D59780832163E960009B6B11 /* Debug */ = {
			isa = XCBuildConfiguration;
			buildSettings = {
				ALWAYS_SEARCH_USER_PATHS = NO;
				CLANG_ANALYZER_NONNULL = YES;
				CLANG_ANALYZER_NUMBER_OBJECT_CONVERSION = YES_AGGRESSIVE;
				CLANG_CXX_LANGUAGE_STANDARD = "gnu++14";
				CLANG_CXX_LIBRARY = "libc++";
				CLANG_ENABLE_MODULES = YES;
				CLANG_ENABLE_OBJC_ARC = YES;
				CLANG_ENABLE_OBJC_WEAK = YES;
				CLANG_WARN_BLOCK_CAPTURE_AUTORELEASING = YES;
				CLANG_WARN_BOOL_CONVERSION = YES;
				CLANG_WARN_COMMA = YES;
				CLANG_WARN_CONSTANT_CONVERSION = YES;
				CLANG_WARN_DEPRECATED_OBJC_IMPLEMENTATIONS = YES;
				CLANG_WARN_DIRECT_OBJC_ISA_USAGE = YES_ERROR;
				CLANG_WARN_DOCUMENTATION_COMMENTS = YES;
				CLANG_WARN_EMPTY_BODY = YES;
				CLANG_WARN_ENUM_CONVERSION = YES;
				CLANG_WARN_INFINITE_RECURSION = YES;
				CLANG_WARN_INT_CONVERSION = YES;
				CLANG_WARN_NON_LITERAL_NULL_CONVERSION = YES;
				CLANG_WARN_OBJC_IMPLICIT_RETAIN_SELF = YES;
				CLANG_WARN_OBJC_LITERAL_CONVERSION = YES;
				CLANG_WARN_OBJC_ROOT_CLASS = YES_ERROR;
				CLANG_WARN_RANGE_LOOP_ANALYSIS = YES;
				CLANG_WARN_STRICT_PROTOTYPES = YES;
				CLANG_WARN_SUSPICIOUS_MOVE = YES;
				CLANG_WARN_UNGUARDED_AVAILABILITY = YES_AGGRESSIVE;
				CLANG_WARN_UNREACHABLE_CODE = YES;
				CLANG_WARN__DUPLICATE_METHOD_MATCH = YES;
				CODE_SIGN_IDENTITY = "iPhone Developer";
				COPY_PHASE_STRIP = NO;
				DEBUG_INFORMATION_FORMAT = dwarf;
				ENABLE_STRICT_OBJC_MSGSEND = YES;
				ENABLE_TESTABILITY = YES;
				GCC_C_LANGUAGE_STANDARD = gnu11;
				GCC_DYNAMIC_NO_PIC = NO;
				GCC_NO_COMMON_BLOCKS = YES;
				GCC_OPTIMIZATION_LEVEL = 0;
				GCC_PREPROCESSOR_DEFINITIONS = (
					"DEBUG=1",
					"$(inherited)",
				);
				GCC_WARN_64_TO_32_BIT_CONVERSION = YES;
				GCC_WARN_ABOUT_RETURN_TYPE = YES_ERROR;
				GCC_WARN_UNDECLARED_SELECTOR = YES;
				GCC_WARN_UNINITIALIZED_AUTOS = YES_AGGRESSIVE;
				GCC_WARN_UNUSED_FUNCTION = YES;
				GCC_WARN_UNUSED_VARIABLE = YES;
				IPHONEOS_DEPLOYMENT_TARGET = 12.1;
				MTL_ENABLE_DEBUG_INFO = INCLUDE_SOURCE;
				MTL_FAST_MATH = YES;
				ONLY_ACTIVE_ARCH = YES;
				SDKROOT = iphoneos;
				SWIFT_ACTIVE_COMPILATION_CONDITIONS = DEBUG;
				SWIFT_OPTIMIZATION_LEVEL = "-Onone";
			};
			name = Debug;
		};
		D59780842163E960009B6B11 /* Release */ = {
			isa = XCBuildConfiguration;
			buildSettings = {
				ALWAYS_SEARCH_USER_PATHS = NO;
				CLANG_ANALYZER_NONNULL = YES;
				CLANG_ANALYZER_NUMBER_OBJECT_CONVERSION = YES_AGGRESSIVE;
				CLANG_CXX_LANGUAGE_STANDARD = "gnu++14";
				CLANG_CXX_LIBRARY = "libc++";
				CLANG_ENABLE_MODULES = YES;
				CLANG_ENABLE_OBJC_ARC = YES;
				CLANG_ENABLE_OBJC_WEAK = YES;
				CLANG_WARN_BLOCK_CAPTURE_AUTORELEASING = YES;
				CLANG_WARN_BOOL_CONVERSION = YES;
				CLANG_WARN_COMMA = YES;
				CLANG_WARN_CONSTANT_CONVERSION = YES;
				CLANG_WARN_DEPRECATED_OBJC_IMPLEMENTATIONS = YES;
				CLANG_WARN_DIRECT_OBJC_ISA_USAGE = YES_ERROR;
				CLANG_WARN_DOCUMENTATION_COMMENTS = YES;
				CLANG_WARN_EMPTY_BODY = YES;
				CLANG_WARN_ENUM_CONVERSION = YES;
				CLANG_WARN_INFINITE_RECURSION = YES;
				CLANG_WARN_INT_CONVERSION = YES;
				CLANG_WARN_NON_LITERAL_NULL_CONVERSION = YES;
				CLANG_WARN_OBJC_IMPLICIT_RETAIN_SELF = YES;
				CLANG_WARN_OBJC_LITERAL_CONVERSION = YES;
				CLANG_WARN_OBJC_ROOT_CLASS = YES_ERROR;
				CLANG_WARN_RANGE_LOOP_ANALYSIS = YES;
				CLANG_WARN_STRICT_PROTOTYPES = YES;
				CLANG_WARN_SUSPICIOUS_MOVE = YES;
				CLANG_WARN_UNGUARDED_AVAILABILITY = YES_AGGRESSIVE;
				CLANG_WARN_UNREACHABLE_CODE = YES;
				CLANG_WARN__DUPLICATE_METHOD_MATCH = YES;
				CODE_SIGN_IDENTITY = "iPhone Developer";
				COPY_PHASE_STRIP = NO;
				DEBUG_INFORMATION_FORMAT = "dwarf-with-dsym";
				ENABLE_NS_ASSERTIONS = NO;
				ENABLE_STRICT_OBJC_MSGSEND = YES;
				GCC_C_LANGUAGE_STANDARD = gnu11;
				GCC_NO_COMMON_BLOCKS = YES;
				GCC_WARN_64_TO_32_BIT_CONVERSION = YES;
				GCC_WARN_ABOUT_RETURN_TYPE = YES_ERROR;
				GCC_WARN_UNDECLARED_SELECTOR = YES;
				GCC_WARN_UNINITIALIZED_AUTOS = YES_AGGRESSIVE;
				GCC_WARN_UNUSED_FUNCTION = YES;
				GCC_WARN_UNUSED_VARIABLE = YES;
				IPHONEOS_DEPLOYMENT_TARGET = 12.1;
				MTL_ENABLE_DEBUG_INFO = NO;
				MTL_FAST_MATH = YES;
				SDKROOT = iphoneos;
				SWIFT_COMPILATION_MODE = wholemodule;
				SWIFT_OPTIMIZATION_LEVEL = "-O";
				VALIDATE_PRODUCT = YES;
			};
			name = Release;
		};
		D59780862163E960009B6B11 /* Debug */ = {
			isa = XCBuildConfiguration;
			buildSettings = {
				ASSETCATALOG_COMPILER_APPICON_NAME = AppIcon;
				CODE_SIGN_STYLE = Automatic;
				DEVELOPMENT_TEAM = 66Y33P53SA;
				INFOPLIST_FILE = "Turkije App/Info.plist";
				LD_RUNPATH_SEARCH_PATHS = (
					"$(inherited)",
					"@executable_path/Frameworks",
				);
				PRODUCT_BUNDLE_IDENTIFIER = "com.sinan.Turkije-App";
				PRODUCT_NAME = "$(TARGET_NAME)";
				SWIFT_VERSION = 4.2;
				TARGETED_DEVICE_FAMILY = "1,2";
			};
			name = Debug;
		};
		D59780872163E960009B6B11 /* Release */ = {
			isa = XCBuildConfiguration;
			buildSettings = {
				ASSETCATALOG_COMPILER_APPICON_NAME = AppIcon;
				CODE_SIGN_STYLE = Automatic;
				DEVELOPMENT_TEAM = 66Y33P53SA;
				INFOPLIST_FILE = "Turkije App/Info.plist";
				LD_RUNPATH_SEARCH_PATHS = (
					"$(inherited)",
					"@executable_path/Frameworks",
				);
				PRODUCT_BUNDLE_IDENTIFIER = "com.sinan.Turkije-App";
				PRODUCT_NAME = "$(TARGET_NAME)";
				SWIFT_VERSION = 4.2;
				TARGETED_DEVICE_FAMILY = "1,2";
			};
			name = Release;
		};
/* End XCBuildConfiguration section */

/* Begin XCConfigurationList section */
		D597806B2163E95E009B6B11 /* Build configuration list for PBXProject "Turkije App" */ = {
			isa = XCConfigurationList;
			buildConfigurations = (
				D59780832163E960009B6B11 /* Debug */,
				D59780842163E960009B6B11 /* Release */,
			);
			defaultConfigurationIsVisible = 0;
			defaultConfigurationName = Release;
		};
		D59780852163E960009B6B11 /* Build configuration list for PBXNativeTarget "Turkije App" */ = {
			isa = XCConfigurationList;
			buildConfigurations = (
				D59780862163E960009B6B11 /* Debug */,
				D59780872163E960009B6B11 /* Release */,
			);
			defaultConfigurationIsVisible = 0;
			defaultConfigurationName = Release;
		};
/* End XCConfigurationList section */

/* Begin XCVersionGroup section */
		D597807A2163E95E009B6B11 /* Turkije_App.xcdatamodeld */ = {
			isa = XCVersionGroup;
			children = (
				D597807B2163E95E009B6B11 /* Turkije_App.xcdatamodel */,
			);
			currentVersion = D597807B2163E95E009B6B11 /* Turkije_App.xcdatamodel */;
			path = Turkije_App.xcdatamodeld;
			sourceTree = "<group>";
			versionGroupType = wrapper.xcdatamodel;
		};
/* End XCVersionGroup section */
	};
	rootObject = D59780682163E95E009B6B11 /* Project object */;
}
